
Microsoft Visual Studio Solution File, Format Version 12.00
# Visual Studio Version 17
VisualStudioVersion = 17.0.32126.317
MinimumVisualStudioVersion = 10.0.40219.1
Project("{FAE04EC0-301F-11D3-BF4B-00C04F79EFBC}") = "partialclass", "partialclass.csproj", "{518AF6BF-8690-415C-B879-EEF05D8DEC13}"
EndProject
Global
	GlobalSection(SolutionConfigurationPlatforms) = preSolution
		Debug|Any CPU = Debug|Any CPU
		Release|Any CPU = Release|Any CPU
	EndGlobalSection
	GlobalSection(ProjectConfigurationPlatforms) = postSolution
		{518AF6BF-8690-415C-B879-EEF05D8DEC13}.Debug|Any CPU.ActiveCfg = Debug|Any CPU
		{518AF6BF-8690-415C-B879-EEF05D8DEC13}.Debug|Any CPU.Build.0 = Debug|Any CPU
		{518AF6BF-8690-415C-B879-EEF05D8DEC13}.Release|Any CPU.ActiveCfg = Release|Any CPU
		{518AF6BF-8690-415C-B879-EEF05D8DEC13}.Release|Any CPU.Build.0 = Release|Any CPU
	EndGlobalSection
	GlobalSection(SolutionProperties) = preSolution
		HideSolutionNode = FALSE
	EndGlobalSection
	GlobalSection(ExtensibilityGlobals) = postSolution
		SolutionGuid = {FEC5D962-6BBD-4C19-B207-E005EF5E633A}
	EndGlobalSection
EndGlobal
